[["version","1"]]
["","git.head",["https://github.com/dagger/dang-sdk"],"6c63cd08652f87c903f3b6fbc5e2fc26505b067a","float"]
["","git.head",["https://github.com/dagger/go"],"5683fb4f7e2e909a453eba727fb982077d5d11b5","float"]
["","git.head",["https://github.com/dagger/go-sdk"],"0d7261b1f889a28a12e9ad8cbbca1e5fe9747f68","float"]